
Microsoft Visual Studio Solution File, Format Version 10.00
# Visual Studio 2008
Project("{FAE04EC0-301F-11D3-BF4B-00C04F79EFBC}") = "Master", "Master\Master.csproj", "{95C7DFC3-D0BF-44A2-AE37-5E85023BE15E}"
EndProject
Global
	GlobalSection(SolutionConfigurationPlatforms) = preSolution
		Debug|Any CPU = Debug|Any CPU
		Release|Any CPU = Release|Any CPU
	EndGlobalSection
	GlobalSection(ProjectConfigurationPlatforms) = postSolution
		{95C7DFC3-D0BF-44A2-AE37-5E85023BE15E}.Debug|Any CPU.ActiveCfg = Debug|Any CPU
		{95C7DFC3-D0BF-44A2-AE37-5E85023BE15E}.Debug|Any CPU.Build.0 = Debug|Any CPU
		{95C7DFC3-D0BF-44A2-AE37-5E85023BE15E}.Release|Any CPU.ActiveCfg = Release|Any CPU
		{95C7DFC3-D0BF-44A2-AE37-5E85023BE15E}.Release|Any CPU.Build.0 = Release|Any CPU
	EndGlobalSection
	GlobalSection(SolutionProperties) = preSolution
		HideSolutionNode = FALSE
	EndGlobalSection
EndGlobal
